Microsoft Visual Studio Solution File, Format Version 12.00
# Visual Studio Version 18
VisualStudioVersion = 18.10.12106.202 insiders
MinimumVisualStudioVersion = 10.0.40219.1
Project("{9A19103F-16F7-4668-BE54-9A1E7A4F7556}") = "Servidor", "Servidor\Servidor.csproj", "{11111111-AAAA-1111-AAAA-111111111111}"
EndProject
Project("{9A19103F-16F7-4668-BE54-9A1E7A4F7556}") = "Cliente", "Cliente\Cliente.csproj", "{22222222-BBBB-2222-BBBB-222222222222}"
EndProject
Global
	GlobalSection(SolutionConfigurationPlatforms) = preSolution
		Debug|Any CPU = Debug|Any CPU
		Release|Any CPU = Release|Any CPU
	EndGlobalSection
	GlobalSection(ProjectConfigurationPlatforms) = postSolution
		{11111111-AAAA-1111-AAAA-111111111111}.Debug|Any CPU.ActiveCfg = Debug|Any CPU
		{11111111-AAAA-1111-AAAA-111111111111}.Debug|Any CPU.Build.0 = Debug|Any CPU
		{11111111-AAAA-1111-AAAA-111111111111}.Release|Any CPU.ActiveCfg = Release|Any CPU
		{11111111-AAAA-1111-AAAA-111111111111}.Release|Any CPU.Build.0 = Release|Any CPU
		{22222222-BBBB-2222-BBBB-222222222222}.Debug|Any CPU.ActiveCfg = Debug|Any CPU
		{22222222-BBBB-2222-BBBB-222222222222}.Debug|Any CPU.Build.0 = Debug|Any CPU
		{22222222-BBBB-2222-BBBB-222222222222}.Release|Any CPU.ActiveCfg = Release|Any CPU
		{22222222-BBBB-2222-BBBB-222222222222}.Release|Any CPU.Build.0 = Release|Any CPU
	EndGlobalSection
	GlobalSection(SolutionProperties) = preSolution
		HideSolutionNode = FALSE
	EndGlobalSection
EndGlobal
